<?xml version="1.0" encoding="utf-8"?>
<Project ToolsVersion="4.0" xmlns="http://schemas.microsoft.com/developer/msbuild/2003">
  <ItemGroup>
    <Filter Include="_util">
      <UniqueIdentifier>{e4f0ea36-f087-4c08-b09f-b87802ca12c4}</UniqueIdentifier>
    </Filter>
    <Filter Include="_map">
      <UniqueIdentifier>{c19d866b-3a22-4607-abbe-49b863a3f421}</UniqueIdentifier>
    </Filter>
    <Filter Include="_Character">
      <UniqueIdentifier>{dbd9f674-7623-47ed-a823-bba4ad2d2b7b}</UniqueIdentifier>
    </Filter>
    <Filter Include="Protocol">
      <UniqueIdentifier>{3e023855-cbb3-40f1-8721-ab7648bd3621}</UniqueIdentifier>
    </Filter>
  </ItemGroup>
  <ItemGroup>
    <ClCompile Include="ExceptionReport.cpp">
      <Filter>_util</Filter>
    </ClCompile>
    <ClCompile Include="Log.cpp">
      <Filter>_util</Filter>
    </ClCompile>
    <ClCompile Include="MemoryPool.cpp">
      <Filter>_util</Filter>
    </ClCompile>
    <ClCompile Include="util_common.cpp">
      <Filter>_util</Filter>
    </ClCompile>
    <ClCompile Include="util_String.cpp">
      <Filter>_util</Filter>
    </ClCompile>
    <ClCompile Include="util_Time.cpp">
      <Filter>_util</Filter>
    </ClCompile>
    <ClCompile Include="SafeLock.cpp">
      <Filter>_util</Filter>
    </ClCompile>
    <ClCompile Include="DefaultConfig.cpp" />
  </ItemGroup>
  <ItemGroup>
    <ClInclude Include="ExceptionReport.h">
      <Filter>_util</Filter>
    </ClInclude>
    <ClInclude Include="Log.h">
      <Filter>_util</Filter>
    </ClInclude>
    <ClInclude Include="MemoryPool.h">
      <Filter>_util</Filter>
    </ClInclude>
    <ClInclude Include="util.h">
      <Filter>_util</Filter>
    </ClInclude>
    <ClInclude Include="util_common.h">
      <Filter>_util</Filter>
    </ClInclude>
    <ClInclude Include="util_String.h">
      <Filter>_util</Filter>
    </ClInclude>
    <ClInclude Include="util_Time.h">
      <Filter>_util</Filter>
    </ClInclude>
    <ClInclude Include="SafeLock.h">
      <Filter>_util</Filter>
    </ClInclude>
    <ClInclude Include="Protocol.h">
      <Filter>Protocol</Filter>
    </ClInclude>
    <ClInclude Include="DefaultConfig.h" />
  </ItemGroup>
</Project>